
Microsoft Visual Studio Solution File, Format Version 12.00
# Visual Studio Version 17
VisualStudioVersion = 17.4.33205.214
MinimumVisualStudioVersion = 10.0.40219.1
Project("{FAE04EC0-301F-11D3-BF4B-00C04F79EFBC}") = "RGB-Background", "RGB-Background\RGB-Background.csproj", "{1EBA932B-B7C7-4EFE-BE20-327F8135BABE}"
EndProject
Global
	GlobalSection(SolutionConfigurationPlatforms) = preSolution
		Debug|Any CPU = Debug|Any CPU
		Release|Any CPU = Release|Any CPU
	EndGlobalSection
	GlobalSection(ProjectConfigurationPlatforms) = postSolution
		{1EBA932B-B7C7-4EFE-BE20-327F8135BABE}.Debug|Any CPU.ActiveCfg = Debug|Any CPU
		{1EBA932B-B7C7-4EFE-BE20-327F8135BABE}.Debug|Any CPU.Build.0 = Debug|Any CPU
		{1EBA932B-B7C7-4EFE-BE20-327F8135BABE}.Release|Any CPU.ActiveCfg = Release|Any CPU
		{1EBA932B-B7C7-4EFE-BE20-327F8135BABE}.Release|Any CPU.Build.0 = Release|Any CPU
	EndGlobalSection
	GlobalSection(SolutionProperties) = preSolution
		HideSolutionNode = FALSE
	EndGlobalSection
	GlobalSection(ExtensibilityGlobals) = postSolution
		SolutionGuid = {4CF662E0-66C3-4149-B079-EF3ADB82B43F}
	EndGlobalSection
EndGlobal
